
Microsoft Visual Studio Solution File, Format Version 12.00
# Visual Studio Version 17
VisualStudioVersion = 17.13.35931.197 d17.13
MinimumVisualStudioVersion = 10.0.40219.1
Project("{FAE04EC0-301F-11D3-BF4B-00C04F79EFBC}") = "Smart Shop", "Smart Shop\Smart Shop.csproj", "{13F34CA9-A3B2-4858-B6FF-0D6A04895387}"
EndProject
Global
	GlobalSection(SolutionConfigurationPlatforms) = preSolution
		Debug|Any CPU = Debug|Any CPU
		Release|Any CPU = Release|Any CPU
	EndGlobalSection
	GlobalSection(ProjectConfigurationPlatforms) = postSolution
		{13F34CA9-A3B2-4858-B6FF-0D6A04895387}.Debug|Any CPU.ActiveCfg = Debug|Any CPU
		{13F34CA9-A3B2-4858-B6FF-0D6A04895387}.Debug|Any CPU.Build.0 = Debug|Any CPU
		{13F34CA9-A3B2-4858-B6FF-0D6A04895387}.Release|Any CPU.ActiveCfg = Release|Any CPU
		{13F34CA9-A3B2-4858-B6FF-0D6A04895387}.Release|Any CPU.Build.0 = Release|Any CPU
	EndGlobalSection
	GlobalSection(SolutionProperties) = preSolution
		HideSolutionNode = FALSE
	EndGlobalSection
	GlobalSection(ExtensibilityGlobals) = postSolution
		SolutionGuid = {442DF347-A8BD-49B3-B313-8EDD341AFFE1}
	EndGlobalSection
EndGlobal
